github.com/gorilla/securecookie v1.1.1 h1:miw7JPhV+b/lAHSXz4qd/nN9jRiAFV5FwjeKyCS8BvQ=
github.com/gorilla/securecookie v1.1.1/go.mod h1:ra0sb63/xPlUeL+yeDciTfxMRAA+MP+HVt/4epWDjd4=
github.com/gorilla/sessions v1.2.1 h1:DHd3rPN5lE3Ts3D8rKkQ8x/0kqfeNmBAaiSi+o7FsgI=
github.com/gorilla/sessions v1.2.1/go.mod h1:dk2InVEVJ0sfLlnXv9EAgkf6ecYs/i80K/zI+bUmuGM=
github.com/gorilla/websocket v1.4.2 h1:+/TMaTYc4QFitKJxsQ7Yye35DkWvkdLcvGKqM+x0Ufc=
github.com/gorilla/websocket v1.4.2/go.mod h1:YR8l580nyteQvAITg2hZ9XVh4b55+EU/adAjf1fMHhE=
github.com/nareix/joy4 v0.0.0-20200507095837-05a4ffbb5369 h1:Yp0zFEufLz0H7jzffb4UPXijavlyqlYeOg7dcyVUNnQ=
github.com/nareix/joy4 v0.0.0-20200507095837-05a4ffbb5369/go.mod h1:aFJ1ZwLjvHN4yEzE5Bkz8rD8/d8Vlj3UIuvz2yfET7I=
